
Microsoft Visual Studio Solution File, Format Version 12.00
# Visual Studio Version 16
VisualStudioVersion = 16.0.30717.126
MinimumVisualStudioVersion = 10.0.40219.1
Project("{FAE04EC0-301F-11D3-BF4B-00C04F79EFBC}") = "Geometry", "Geometry\Geometry.csproj", "{C8C7E4AB-71F1-432B-99D9-4D0E96AF3E6B}"
EndProject
Project("{FAE04EC0-301F-11D3-BF4B-00C04F79EFBC}") = "ExpencesManager", "ExpencesManager\ExpencesManager.csproj", "{86368E5A-4038-402C-8832-1F17F9CDA239}"
EndProject
Global
	GlobalSection(SolutionConfigurationPlatforms) = preSolution
		Debug|Any CPU = Debug|Any CPU
		Release|Any CPU = Release|Any CPU
	EndGlobalSection
	GlobalSection(ProjectConfigurationPlatforms) = postSolution
		{C8C7E4AB-71F1-432B-99D9-4D0E96AF3E6B}.Debug|Any CPU.ActiveCfg = Debug|Any CPU
		{C8C7E4AB-71F1-432B-99D9-4D0E96AF3E6B}.Debug|Any CPU.Build.0 = Debug|Any CPU
		{C8C7E4AB-71F1-432B-99D9-4D0E96AF3E6B}.Release|Any CPU.ActiveCfg = Release|Any CPU
		{C8C7E4AB-71F1-432B-99D9-4D0E96AF3E6B}.Release|Any CPU.Build.0 = Release|Any CPU
		{86368E5A-4038-402C-8832-1F17F9CDA239}.Debug|Any CPU.ActiveCfg = Debug|Any CPU
		{86368E5A-4038-402C-8832-1F17F9CDA239}.Debug|Any CPU.Build.0 = Debug|Any CPU
		{86368E5A-4038-402C-8832-1F17F9CDA239}.Release|Any CPU.ActiveCfg = Release|Any CPU
		{86368E5A-4038-402C-8832-1F17F9CDA239}.Release|Any CPU.Build.0 = Release|Any CPU
	EndGlobalSection
	GlobalSection(SolutionProperties) = preSolution
		HideSolutionNode = FALSE
	EndGlobalSection
	GlobalSection(ExtensibilityGlobals) = postSolution
		SolutionGuid = {A0038E2A-3490-4857-995B-D18ECC48E2AB}
	EndGlobalSection
EndGlobal
